
Microsoft Visual Studio Solution File, Format Version 11.00
# Visual Studio 2010
Project("{FAE04EC0-301F-11D3-BF4B-00C04F79EFBC}") = "SkinnedModelPipeline", "SkinnedModelPipeline\SkinnedModelPipeline.csproj", "{4636C7E1-B845-4B83-B96D-64A11B8A4515}"
EndProject
Project("{FAE04EC0-301F-11D3-BF4B-00C04F79EFBC}") = "XnaBasicsContent", "XnaBasics\Content\XnaBasicsContent.contentproj", "{EDD1E44F-7A6A-4EEF-81BA-C2AE70414025}"
EndProject
Project("{FAE04EC0-301F-11D3-BF4B-00C04F79EFBC}") = "XnaBasics", "XnaBasics\XnaBasics.csproj", "{6566B35B-3CCE-4D9E-AD01-B380644126EB}"
EndProject
Project("{FAE04EC0-301F-11D3-BF4B-00C04F79EFBC}") = "PipelineDebuging", "PipelineDebuging\PipelineDebuging.csproj", "{0F63C68A-08B8-4ED2-B998-B904D5D7D5C8}"
EndProject
Project("{FAE04EC0-301F-11D3-BF4B-00C04F79EFBC}") = "XUIContent", "XUI\XUIContent\XUIContent.contentproj", "{D78EAE4D-281B-4EBA-91A2-37B0C2D34967}"
EndProject
Project("{FAE04EC0-301F-11D3-BF4B-00C04F79EFBC}") = "XUI", "XUI\XUI\XUI.csproj", "{2F953A14-0E2F-4670-8D82-866020E8DE7B}"
EndProject
Project("{FAE04EC0-301F-11D3-BF4B-00C04F79EFBC}") = "JigLibX", "JigLibX\JigLibX.csproj", "{8A7CEF45-3501-491D-AEDA-0164060F5348}"
EndProject
Project("{FAE04EC0-301F-11D3-BF4B-00C04F79EFBC}") = "JigLibGameContent", "XnaBasics\JigLibGameContent\JigLibGameContent.contentproj", "{56EE122E-686C-413E-80F5-CBD20386ECD7}"
EndProject
Project("{8BC9CEB8-8B4A-11D0-8D11-00A0C91BC942}") = "CGePhysics", "CGePhysics\CGePhysics.vcxproj", "{C2302635-D489-4678-96B4-70F5309DCBE6}"
EndProject
Project("{FAE04EC0-301F-11D3-BF4B-00C04F79EFBC}") = "CGePhysicsWrapper", "CGePhysicsWrapper\CGePhysicsWrapper.csproj", "{C7331DD8-5A50-451C-BEE7-8EF868DC6E8A}"
	ProjectSection(ProjectDependencies) = postProject
		{C2302635-D489-4678-96B4-70F5309DCBE6} = {C2302635-D489-4678-96B4-70F5309DCBE6}
	EndProjectSection
EndProject
Global
	GlobalSection(SolutionConfigurationPlatforms) = preSolution
		Debug|Any CPU = Debug|Any CPU
		Debug|Mixed Platforms = Debug|Mixed Platforms
		Debug|Win32 = Debug|Win32
		Debug|x86 = Debug|x86
		Debug|Xbox 360 = Debug|Xbox 360
		Profile|Any CPU = Profile|Any CPU
		Profile|Mixed Platforms = Profile|Mixed Platforms
		Profile|Win32 = Profile|Win32
		Profile|x86 = Profile|x86
		Profile|Xbox 360 = Profile|Xbox 360
		Release|Any CPU = Release|Any CPU
		Release|Mixed Platforms = Release|Mixed Platforms
		Release|Win32 = Release|Win32
		Release|x86 = Release|x86
		Release|Xbox 360 = Release|Xbox 360
	EndGlobalSection
	GlobalSection(ProjectConfigurationPlatforms) = postSolution
		{4636C7E1-B845-4B83-B96D-64A11B8A4515}.Debug|Any CPU.ActiveCfg = Debug|x86
		{4636C7E1-B845-4B83-B96D-64A11B8A4515}.Debug|Mixed Platforms.ActiveCfg = Debug|x86
		{4636C7E1-B845-4B83-B96D-64A11B8A4515}.Debug|Mixed Platforms.Build.0 = Debug|x86
		{4636C7E1-B845-4B83-B96D-64A11B8A4515}.Debug|Win32.ActiveCfg = Debug|x86
		{4636C7E1-B845-4B83-B96D-64A11B8A4515}.Debug|x86.ActiveCfg = Debug|x86
		{4636C7E1-B845-4B83-B96D-64A11B8A4515}.Debug|x86.Build.0 = Debug|x86
		{4636C7E1-B845-4B83-B96D-64A11B8A4515}.Debug|Xbox 360.ActiveCfg = Debug|x86
		{4636C7E1-B845-4B83-B96D-64A11B8A4515}.Debug|Xbox 360.Build.0 = Debug|x86
		{4636C7E1-B845-4B83-B96D-64A11B8A4515}.Profile|Any CPU.ActiveCfg = Debug|x86
		{4636C7E1-B845-4B83-B96D-64A11B8A4515}.Profile|Mixed Platforms.ActiveCfg = Debug|x86
		{4636C7E1-B845-4B83-B96D-64A11B8A4515}.Profile|Mixed Platforms.Build.0 = Debug|x86
		{4636C7E1-B845-4B83-B96D-64A11B8A4515}.Profile|Win32.ActiveCfg = Debug|x86
		{4636C7E1-B845-4B83-B96D-64A11B8A4515}.Profile|x86.ActiveCfg = Debug|x86
		{4636C7E1-B845-4B83-B96D-64A11B8A4515}.Profile|x86.Build.0 = Debug|x86
		{4636C7E1-B845-4B83-B96D-64A11B8A4515}.Profile|Xbox 360.ActiveCfg = Debug|x86
		{4636C7E1-B845-4B83-B96D-64A11B8A4515}.Release|Any CPU.ActiveCfg = Debug|x86
		{4636C7E1-B845-4B83-B96D-64A11B8A4515}.Release|Mixed Platforms.ActiveCfg = Debug|x86
		{4636C7E1-B845-4B83-B96D-64A11B8A4515}.Release|Mixed Platforms.Build.0 = Debug|x86
		{4636C7E1-B845-4B83-B96D-64A11B8A4515}.Release|Win32.ActiveCfg = Debug|x86
		{4636C7E1-B845-4B83-B96D-64A11B8A4515}.Release|x86.ActiveCfg = Debug|x86
		{4636C7E1-B845-4B83-B96D-64A11B8A4515}.Release|x86.Build.0 = Debug|x86
		{4636C7E1-B845-4B83-B96D-64A11B8A4515}.Release|Xbox 360.ActiveCfg = Debug|x86
		{4636C7E1-B845-4B83-B96D-64A11B8A4515}.Release|Xbox 360.Build.0 = Debug|x86
		{EDD1E44F-7A6A-4EEF-81BA-C2AE70414025}.Debug|Any CPU.ActiveCfg = Debug|x86
		{EDD1E44F-7A6A-4EEF-81BA-C2AE70414025}.Debug|Mixed Platforms.ActiveCfg = Debug|x86
		{EDD1E44F-7A6A-4EEF-81BA-C2AE70414025}.Debug|Win32.ActiveCfg = Debug|x86
		{EDD1E44F-7A6A-4EEF-81BA-C2AE70414025}.Debug|x86.ActiveCfg = Debug|x86
		{EDD1E44F-7A6A-4EEF-81BA-C2AE70414025}.Debug|Xbox 360.ActiveCfg = Debug|x86
		{EDD1E44F-7A6A-4EEF-81BA-C2AE70414025}.Profile|Any CPU.ActiveCfg = Release|x86
		{EDD1E44F-7A6A-4EEF-81BA-C2AE70414025}.Profile|Mixed Platforms.ActiveCfg = Release|x86
		{EDD1E44F-7A6A-4EEF-81BA-C2AE70414025}.Profile|Win32.ActiveCfg = Release|x86
		{EDD1E44F-7A6A-4EEF-81BA-C2AE70414025}.Profile|x86.ActiveCfg = Release|x86
		{EDD1E44F-7A6A-4EEF-81BA-C2AE70414025}.Profile|Xbox 360.ActiveCfg = Release|x86
		{EDD1E44F-7A6A-4EEF-81BA-C2AE70414025}.Release|Any CPU.ActiveCfg = Release|x86
		{EDD1E44F-7A6A-4EEF-81BA-C2AE70414025}.Release|Mixed Platforms.ActiveCfg = Release|x86
		{EDD1E44F-7A6A-4EEF-81BA-C2AE70414025}.Release|Win32.ActiveCfg = Release|x86
		{EDD1E44F-7A6A-4EEF-81BA-C2AE70414025}.Release|x86.ActiveCfg = Release|x86
		{EDD1E44F-7A6A-4EEF-81BA-C2AE70414025}.Release|Xbox 360.ActiveCfg = Release|x86
		{6566B35B-3CCE-4D9E-AD01-B380644126EB}.Debug|Any CPU.ActiveCfg = Debug|x86
		{6566B35B-3CCE-4D9E-AD01-B380644126EB}.Debug|Mixed Platforms.ActiveCfg = Debug|x86
		{6566B35B-3CCE-4D9E-AD01-B380644126EB}.Debug|Mixed Platforms.Build.0 = Debug|x86
		{6566B35B-3CCE-4D9E-AD01-B380644126EB}.Debug|Win32.ActiveCfg = Debug|x86
		{6566B35B-3CCE-4D9E-AD01-B380644126EB}.Debug|x86.ActiveCfg = Debug|x86
		{6566B35B-3CCE-4D9E-AD01-B380644126EB}.Debug|x86.Build.0 = Debug|x86
		{6566B35B-3CCE-4D9E-AD01-B380644126EB}.Debug|Xbox 360.ActiveCfg = Debug|x86
		{6566B35B-3CCE-4D9E-AD01-B380644126EB}.Profile|Any CPU.ActiveCfg = Release|x86
		{6566B35B-3CCE-4D9E-AD01-B380644126EB}.Profile|Mixed Platforms.ActiveCfg = Release|x86
		{6566B35B-3CCE-4D9E-AD01-B380644126EB}.Profile|Mixed Platforms.Build.0 = Release|x86
		{6566B35B-3CCE-4D9E-AD01-B380644126EB}.Profile|Win32.ActiveCfg = Release|x86
		{6566B35B-3CCE-4D9E-AD01-B380644126EB}.Profile|x86.ActiveCfg = Release|x86
		{6566B35B-3CCE-4D9E-AD01-B380644126EB}.Profile|x86.Build.0 = Release|x86
		{6566B35B-3CCE-4D9E-AD01-B380644126EB}.Profile|Xbox 360.ActiveCfg = Release|x86
		{6566B35B-3CCE-4D9E-AD01-B380644126EB}.Release|Any CPU.ActiveCfg = Release|x86
		{6566B35B-3CCE-4D9E-AD01-B380644126EB}.Release|Mixed Platforms.ActiveCfg = Release|x86
		{6566B35B-3CCE-4D9E-AD01-B380644126EB}.Release|Mixed Platforms.Build.0 = Release|x86
		{6566B35B-3CCE-4D9E-AD01-B380644126EB}.Release|Win32.ActiveCfg = Release|x86
		{6566B35B-3CCE-4D9E-AD01-B380644126EB}.Release|x86.ActiveCfg = Release|x86
		{6566B35B-3CCE-4D9E-AD01-B380644126EB}.Release|x86.Build.0 = Release|x86
		{6566B35B-3CCE-4D9E-AD01-B380644126EB}.Release|Xbox 360.ActiveCfg = Release|x86
		{0F63C68A-08B8-4ED2-B998-B904D5D7D5C8}.Debug|Any CPU.ActiveCfg = Debug|x86
		{0F63C68A-08B8-4ED2-B998-B904D5D7D5C8}.Debug|Mixed Platforms.ActiveCfg = Debug|x86
		{0F63C68A-08B8-4ED2-B998-B904D5D7D5C8}.Debug|Mixed Platforms.Build.0 = Debug|x86
		{0F63C68A-08B8-4ED2-B998-B904D5D7D5C8}.Debug|Win32.ActiveCfg = Debug|x86
		{0F63C68A-08B8-4ED2-B998-B904D5D7D5C8}.Debug|x86.ActiveCfg = Debug|x86
		{0F63C68A-08B8-4ED2-B998-B904D5D7D5C8}.Debug|x86.Build.0 = Debug|x86
		{0F63C68A-08B8-4ED2-B998-B904D5D7D5C8}.Debug|Xbox 360.ActiveCfg = Debug|x86
		{0F63C68A-08B8-4ED2-B998-B904D5D7D5C8}.Profile|Any CPU.ActiveCfg = Release|x86
		{0F63C68A-08B8-4ED2-B998-B904D5D7D5C8}.Profile|Mixed Platforms.ActiveCfg = Release|x86
		{0F63C68A-08B8-4ED2-B998-B904D5D7D5C8}.Profile|Mixed Platforms.Build.0 = Release|x86
		{0F63C68A-08B8-4ED2-B998-B904D5D7D5C8}.Profile|Win32.ActiveCfg = Release|x86
		{0F63C68A-08B8-4ED2-B998-B904D5D7D5C8}.Profile|x86.ActiveCfg = Release|x86
		{0F63C68A-08B8-4ED2-B998-B904D5D7D5C8}.Profile|x86.Build.0 = Release|x86
		{0F63C68A-08B8-4ED2-B998-B904D5D7D5C8}.Profile|Xbox 360.ActiveCfg = Release|x86
		{0F63C68A-08B8-4ED2-B998-B904D5D7D5C8}.Release|Any CPU.ActiveCfg = Release|x86
		{0F63C68A-08B8-4ED2-B998-B904D5D7D5C8}.Release|Mixed Platforms.ActiveCfg = Release|x86
		{0F63C68A-08B8-4ED2-B998-B904D5D7D5C8}.Release|Mixed Platforms.Build.0 = Release|x86
		{0F63C68A-08B8-4ED2-B998-B904D5D7D5C8}.Release|Win32.ActiveCfg = Release|x86
		{0F63C68A-08B8-4ED2-B998-B904D5D7D5C8}.Release|x86.ActiveCfg = Release|x86
		{0F63C68A-08B8-4ED2-B998-B904D5D7D5C8}.Release|x86.Build.0 = Release|x86
		{0F63C68A-08B8-4ED2-B998-B904D5D7D5C8}.Release|Xbox 360.ActiveCfg = Release|x86
		{D78EAE4D-281B-4EBA-91A2-37B0C2D34967}.Debug|Any CPU.ActiveCfg = Debug|Any CPU
		{D78EAE4D-281B-4EBA-91A2-37B0C2D34967}.Debug|Mixed Platforms.ActiveCfg = Debug|Any CPU
		{D78EAE4D-281B-4EBA-91A2-37B0C2D34967}.Debug|Win32.ActiveCfg = Debug|Any CPU
		{D78EAE4D-281B-4EBA-91A2-37B0C2D34967}.Debug|x86.ActiveCfg = Debug|Any CPU
		{D78EAE4D-281B-4EBA-91A2-37B0C2D34967}.Debug|Xbox 360.ActiveCfg = Debug|Any CPU
		{D78EAE4D-281B-4EBA-91A2-37B0C2D34967}.Profile|Any CPU.ActiveCfg = Debug|Any CPU
		{D78EAE4D-281B-4EBA-91A2-37B0C2D34967}.Profile|Mixed Platforms.ActiveCfg = Debug|Any CPU
		{D78EAE4D-281B-4EBA-91A2-37B0C2D34967}.Profile|Win32.ActiveCfg = Debug|Any CPU
		{D78EAE4D-281B-4EBA-91A2-37B0C2D34967}.Profile|x86.ActiveCfg = Debug|Any CPU
		{D78EAE4D-281B-4EBA-91A2-37B0C2D34967}.Profile|Xbox 360.ActiveCfg = Debug|Any CPU
		{D78EAE4D-281B-4EBA-91A2-37B0C2D34967}.Release|Any CPU.ActiveCfg = Debug|Any CPU
		{D78EAE4D-281B-4EBA-91A2-37B0C2D34967}.Release|Mixed Platforms.ActiveCfg = Debug|Any CPU
		{D78EAE4D-281B-4EBA-91A2-37B0C2D34967}.Release|Win32.ActiveCfg = Debug|Any CPU
		{D78EAE4D-281B-4EBA-91A2-37B0C2D34967}.Release|x86.ActiveCfg = Debug|Any CPU
		{D78EAE4D-281B-4EBA-91A2-37B0C2D34967}.Release|Xbox 360.ActiveCfg = Debug|Any CPU
		{2F953A14-0E2F-4670-8D82-866020E8DE7B}.Debug|Any CPU.ActiveCfg = Debug|x86
		{2F953A14-0E2F-4670-8D82-866020E8DE7B}.Debug|Mixed Platforms.ActiveCfg = Debug|x86
		{2F953A14-0E2F-4670-8D82-866020E8DE7B}.Debug|Mixed Platforms.Build.0 = Debug|x86
		{2F953A14-0E2F-4670-8D82-866020E8DE7B}.Debug|Win32.ActiveCfg = Debug|x86
		{2F953A14-0E2F-4670-8D82-866020E8DE7B}.Debug|x86.ActiveCfg = Debug|x86
		{2F953A14-0E2F-4670-8D82-866020E8DE7B}.Debug|x86.Build.0 = Debug|x86
		{2F953A14-0E2F-4670-8D82-866020E8DE7B}.Debug|Xbox 360.ActiveCfg = Debug|x86
		{2F953A14-0E2F-4670-8D82-866020E8DE7B}.Profile|Any CPU.ActiveCfg = Profile|x86
		{2F953A14-0E2F-4670-8D82-866020E8DE7B}.Profile|Mixed Platforms.ActiveCfg = Profile|x86
		{2F953A14-0E2F-4670-8D82-866020E8DE7B}.Profile|Mixed Platforms.Build.0 = Profile|x86
		{2F953A14-0E2F-4670-8D82-866020E8DE7B}.Profile|Win32.ActiveCfg = Profile|x86
		{2F953A14-0E2F-4670-8D82-866020E8DE7B}.Profile|x86.ActiveCfg = Profile|x86
		{2F953A14-0E2F-4670-8D82-866020E8DE7B}.Profile|x86.Build.0 = Profile|x86
		{2F953A14-0E2F-4670-8D82-866020E8DE7B}.Profile|Xbox 360.ActiveCfg = Profile|x86
		{2F953A14-0E2F-4670-8D82-866020E8DE7B}.Release|Any CPU.ActiveCfg = Release|x86
		{2F953A14-0E2F-4670-8D82-866020E8DE7B}.Release|Mixed Platforms.ActiveCfg = Release|x86
		{2F953A14-0E2F-4670-8D82-866020E8DE7B}.Release|Mixed Platforms.Build.0 = Release|x86
		{2F953A14-0E2F-4670-8D82-866020E8DE7B}.Release|Win32.ActiveCfg = Release|x86
		{2F953A14-0E2F-4670-8D82-866020E8DE7B}.Release|x86.ActiveCfg = Release|x86
		{2F953A14-0E2F-4670-8D82-866020E8DE7B}.Release|x86.Build.0 = Release|x86
		{2F953A14-0E2F-4670-8D82-866020E8DE7B}.Release|Xbox 360.ActiveCfg = Release|x86
		{8A7CEF45-3501-491D-AEDA-0164060F5348}.Debug|Any CPU.ActiveCfg = Debug|x86
		{8A7CEF45-3501-491D-AEDA-0164060F5348}.Debug|Mixed Platforms.ActiveCfg = Debug|x86
		{8A7CEF45-3501-491D-AEDA-0164060F5348}.Debug|Mixed Platforms.Build.0 = Debug|x86
		{8A7CEF45-3501-491D-AEDA-0164060F5348}.Debug|Win32.ActiveCfg = Debug|x86
		{8A7CEF45-3501-491D-AEDA-0164060F5348}.Debug|x86.ActiveCfg = Debug|x86
		{8A7CEF45-3501-491D-AEDA-0164060F5348}.Debug|x86.Build.0 = Debug|x86
		{8A7CEF45-3501-491D-AEDA-0164060F5348}.Debug|Xbox 360.ActiveCfg = Debug|x86
		{8A7CEF45-3501-491D-AEDA-0164060F5348}.Profile|Any CPU.ActiveCfg = Release|x86
		{8A7CEF45-3501-491D-AEDA-0164060F5348}.Profile|Mixed Platforms.ActiveCfg = Release|x86
		{8A7CEF45-3501-491D-AEDA-0164060F5348}.Profile|Mixed Platforms.Build.0 = Release|x86
		{8A7CEF45-3501-491D-AEDA-0164060F5348}.Profile|Win32.ActiveCfg = Release|x86
		{8A7CEF45-3501-491D-AEDA-0164060F5348}.Profile|x86.ActiveCfg = Release|x86
		{8A7CEF45-3501-491D-AEDA-0164060F5348}.Profile|x86.Build.0 = Release|x86
		{8A7CEF45-3501-491D-AEDA-0164060F5348}.Profile|Xbox 360.ActiveCfg = Release|x86
		{8A7CEF45-3501-491D-AEDA-0164060F5348}.Release|Any CPU.ActiveCfg = Release|x86
		{8A7CEF45-3501-491D-AEDA-0164060F5348}.Release|Mixed Platforms.ActiveCfg = Release|x86
		{8A7CEF45-3501-491D-AEDA-0164060F5348}.Release|Mixed Platforms.Build.0 = Release|x86
		{8A7CEF45-3501-491D-AEDA-0164060F5348}.Release|Win32.ActiveCfg = Release|x86
		{8A7CEF45-3501-491D-AEDA-0164060F5348}.Release|x86.ActiveCfg = Release|x86
		{8A7CEF45-3501-491D-AEDA-0164060F5348}.Release|x86.Build.0 = Release|x86
		{8A7CEF45-3501-491D-AEDA-0164060F5348}.Release|Xbox 360.ActiveCfg = Release|x86
		{56EE122E-686C-413E-80F5-CBD20386ECD7}.Debug|Any CPU.ActiveCfg = Debug|x86
		{56EE122E-686C-413E-80F5-CBD20386ECD7}.Debug|Mixed Platforms.ActiveCfg = Debug|x86
		{56EE122E-686C-413E-80F5-CBD20386ECD7}.Debug|Win32.ActiveCfg = Debug|x86
		{56EE122E-686C-413E-80F5-CBD20386ECD7}.Debug|x86.ActiveCfg = Debug|x86
		{56EE122E-686C-413E-80F5-CBD20386ECD7}.Debug|Xbox 360.ActiveCfg = Debug|x86
		{56EE122E-686C-413E-80F5-CBD20386ECD7}.Profile|Any CPU.ActiveCfg = Release|x86
		{56EE122E-686C-413E-80F5-CBD20386ECD7}.Profile|Mixed Platforms.ActiveCfg = Release|x86
		{56EE122E-686C-413E-80F5-CBD20386ECD7}.Profile|Win32.ActiveCfg = Release|x86
		{56EE122E-686C-413E-80F5-CBD20386ECD7}.Profile|x86.ActiveCfg = Release|x86
		{56EE122E-686C-413E-80F5-CBD20386ECD7}.Profile|Xbox 360.ActiveCfg = Release|x86
		{56EE122E-686C-413E-80F5-CBD20386ECD7}.Release|Any CPU.ActiveCfg = Release|x86
		{56EE122E-686C-413E-80F5-CBD20386ECD7}.Release|Mixed Platforms.ActiveCfg = Release|x86
		{56EE122E-686C-413E-80F5-CBD20386ECD7}.Release|Win32.ActiveCfg = Release|x86
		{56EE122E-686C-413E-80F5-CBD20386ECD7}.Release|x86.ActiveCfg = Release|x86
		{56EE122E-686C-413E-80F5-CBD20386ECD7}.Release|Xbox 360.ActiveCfg = Release|x86
		{C2302635-D489-4678-96B4-70F5309DCBE6}.Debug|Any CPU.ActiveCfg = Debug|Win32
		{C2302635-D489-4678-96B4-70F5309DCBE6}.Debug|Mixed Platforms.ActiveCfg = Debug|Win32
		{C2302635-D489-4678-96B4-70F5309DCBE6}.Debug|Mixed Platforms.Build.0 = Debug|Win32
		{C2302635-D489-4678-96B4-70F5309DCBE6}.Debug|Win32.ActiveCfg = Debug|Win32
		{C2302635-D489-4678-96B4-70F5309DCBE6}.Debug|Win32.Build.0 = Debug|Win32
		{C2302635-D489-4678-96B4-70F5309DCBE6}.Debug|x86.ActiveCfg = Debug|Win32
		{C2302635-D489-4678-96B4-70F5309DCBE6}.Debug|Xbox 360.ActiveCfg = Debug|Win32
		{C2302635-D489-4678-96B4-70F5309DCBE6}.Profile|Any CPU.ActiveCfg = Release|Win32
		{C2302635-D489-4678-96B4-70F5309DCBE6}.Profile|Mixed Platforms.ActiveCfg = Release|Win32
		{C2302635-D489-4678-96B4-70F5309DCBE6}.Profile|Mixed Platforms.Build.0 = Release|Win32
		{C2302635-D489-4678-96B4-70F5309DCBE6}.Profile|Win32.ActiveCfg = Release|Win32
		{C2302635-D489-4678-96B4-70F5309DCBE6}.Profile|Win32.Build.0 = Release|Win32
		{C2302635-D489-4678-96B4-70F5309DCBE6}.Profile|x86.ActiveCfg = Release|Win32
		{C2302635-D489-4678-96B4-70F5309DCBE6}.Profile|Xbox 360.ActiveCfg = Release|Win32
		{C2302635-D489-4678-96B4-70F5309DCBE6}.Release|Any CPU.ActiveCfg = Release|Win32
		{C2302635-D489-4678-96B4-70F5309DCBE6}.Release|Mixed Platforms.ActiveCfg = Release|Win32
		{C2302635-D489-4678-96B4-70F5309DCBE6}.Release|Mixed Platforms.Build.0 = Release|Win32
		{C2302635-D489-4678-96B4-70F5309DCBE6}.Release|Win32.ActiveCfg = Release|Win32
		{C2302635-D489-4678-96B4-70F5309DCBE6}.Release|Win32.Build.0 = Release|Win32
		{C2302635-D489-4678-96B4-70F5309DCBE6}.Release|x86.ActiveCfg = Release|Win32
		{C2302635-D489-4678-96B4-70F5309DCBE6}.Release|Xbox 360.ActiveCfg = Release|Win32
		{C7331DD8-5A50-451C-BEE7-8EF868DC6E8A}.Debug|Any CPU.ActiveCfg = Debug|x86
		{C7331DD8-5A50-451C-BEE7-8EF868DC6E8A}.Debug|Mixed Platforms.ActiveCfg = Debug|x86
		{C7331DD8-5A50-451C-BEE7-8EF868DC6E8A}.Debug|Mixed Platforms.Build.0 = Debug|x86
		{C7331DD8-5A50-451C-BEE7-8EF868DC6E8A}.Debug|Win32.ActiveCfg = Debug|x86
		{C7331DD8-5A50-451C-BEE7-8EF868DC6E8A}.Debug|x86.ActiveCfg = Debug|x86
		{C7331DD8-5A50-451C-BEE7-8EF868DC6E8A}.Debug|x86.Build.0 = Debug|x86
		{C7331DD8-5A50-451C-BEE7-8EF868DC6E8A}.Debug|Xbox 360.ActiveCfg = Debug|x86
		{C7331DD8-5A50-451C-BEE7-8EF868DC6E8A}.Profile|Any CPU.ActiveCfg = Release|x86
		{C7331DD8-5A50-451C-BEE7-8EF868DC6E8A}.Profile|Mixed Platforms.ActiveCfg = Release|x86
		{C7331DD8-5A50-451C-BEE7-8EF868DC6E8A}.Profile|Mixed Platforms.Build.0 = Release|x86
		{C7331DD8-5A50-451C-BEE7-8EF868DC6E8A}.Profile|Win32.ActiveCfg = Release|x86
		{C7331DD8-5A50-451C-BEE7-8EF868DC6E8A}.Profile|x86.ActiveCfg = Release|x86
		{C7331DD8-5A50-451C-BEE7-8EF868DC6E8A}.Profile|x86.Build.0 = Release|x86
		{C7331DD8-5A50-451C-BEE7-8EF868DC6E8A}.Profile|Xbox 360.ActiveCfg = Release|x86
		{C7331DD8-5A50-451C-BEE7-8EF868DC6E8A}.Release|Any CPU.ActiveCfg = Release|x86
		{C7331DD8-5A50-451C-BEE7-8EF868DC6E8A}.Release|Mixed Platforms.ActiveCfg = Release|x86
		{C7331DD8-5A50-451C-BEE7-8EF868DC6E8A}.Release|Mixed Platforms.Build.0 = Release|x86
		{C7331DD8-5A50-451C-BEE7-8EF868DC6E8A}.Release|Win32.ActiveCfg = Release|x86
		{C7331DD8-5A50-451C-BEE7-8EF868DC6E8A}.Release|x86.ActiveCfg = Release|x86
		{C7331DD8-5A50-451C-BEE7-8EF868DC6E8A}.Release|x86.Build.0 = Release|x86
		{C7331DD8-5A50-451C-BEE7-8EF868DC6E8A}.Release|Xbox 360.ActiveCfg = Release|x86
	EndGlobalSection
	GlobalSection(SolutionProperties) = preSolution
		HideSolutionNode = FALSE
	EndGlobalSection
EndGlobal
